// !$*UTF8*$!
{
	archiveVersion = 1;
	classes = {
	};
	objectVersion = 51;
	objects = {

/* Begin PBXBuildFile section */
		07964C67236A726300C5A3AC /* AppDelegate.swift in Sources */ = {isa = PBXBuildFile; fileRef = 07964C66236A726300C5A3AC /* AppDelegate.swift */; };
		07964C69236A726300C5A3AC /* SceneDelegate.swift in Sources */ = {isa = PBXBuildFile; fileRef = 07964C68236A726300C5A3AC /* SceneDelegate.swift */; };
		07964C6B236A726300C5A3AC /* ViewController.swift in Sources */ = {isa = PBXBuildFile; fileRef = 07964C6A236A726300C5A3AC /* ViewController.swift */; };
		07964C6E236A726300C5A3AC /* Main.storyboard in Resources */ = {isa = PBXBuildFile; fileRef = 07964C6C236A726300C5A3AC /* Main.storyboard */; };
		07964C70236A726600C5A3AC /* Assets.xcassets in Resources */ = {isa = PBXBuildFile; fileRef = 07964C6F236A726600C5A3AC /* Assets.xcassets */; };
		07964C73236A726600C5A3AC /* LaunchScreen.storyboard in Resources */ = {isa = PBXBuildFile; fileRef = 07964C71236A726600C5A3AC /* LaunchScreen.storyboard */; };
		07964C7E236A726600C5A3AC /* yikyak_cloneTests.swift in Sources */ = {isa = PBXBuildFile; fileRef = 07964C7D236A726600C5A3AC /* yikyak_cloneTests.swift */; };
		07964C89236A726600C5A3AC /* yikyak_cloneUITests.swift in Sources */ = {isa = PBXBuildFile; fileRef = 07964C88236A726600C5A3AC /* yikyak_cloneUITests.swift */; };
		2BF2B0BA4CDF3F233A2DE473 /* Pods_yikyak_cloneUITests.framework in Frameworks */ = {isa = PBXBuildFile; fileRef = 2799A1E793C8E4AA56353D3E /* Pods_yikyak_cloneUITests.framework */; };
		68B11B6C4DF4EC180747B79D /* Pods_yikyak_clone.framework in Frameworks */ = {isa = PBXBuildFile; fileRef = 43BEBBBDADB2FDF2A3FBE98C /* Pods_yikyak_clone.framework */; };
		EC1D6346FCD7ABA29A7E8F40 /* Pods_yikyak_cloneTests.framework in Frameworks */ = {isa = PBXBuildFile; fileRef = A2A8687E4E1B1BE7B07FA865 /* Pods_yikyak_cloneTests.framework */; };
/* End PBXBuildFile section */

/* Begin PBXContainerItemProxy section */
		07964C7A236A726600C5A3AC /* PBXContainerItemProxy */ = {
			isa = PBXContainerItemProxy;
			containerPortal = 07964C5B236A726300C5A3AC /* Project object */;
			proxyType = 1;
			remoteGlobalIDString = 07964C62236A726300C5A3AC;
			remoteInfo = "yikyak-clone";
		};
		07964C85236A726600C5A3AC /* PBXContainerItemProxy */ = {
			isa = PBXContainerItemProxy;
			containerPortal = 07964C5B236A726300C5A3AC /* Project object */;
			proxyType = 1;
			remoteGlobalIDString = 07964C62236A726300C5A3AC;
			remoteInfo = "yikyak-clone";
		};
/* End PBXContainerItemProxy section */

/* Begin PBXFileReference section */
		07964C63236A726300C5A3AC /* Whoot.app */ = {isa = PBXFileReference; explicitFileType = wrapper.application; includeInIndex = 0; path = Whoot.app; sourceTree = BUILT_PRODUCTS_DIR; };
		07964C66236A726300C5A3AC /* AppDelegate.swift */ = {isa = PBXFileReference; lastKnownFileType = sourcecode.swift; path = AppDelegate.swift; sourceTree = "<group>"; };
		07964C68236A726300C5A3AC /* SceneDelegate.swift */ = {isa = PBXFileReference; lastKnownFileType = sourcecode.swift; path = SceneDelegate.swift; sourceTree = "<group>"; };
		07964C6A236A726300C5A3AC /* ViewController.swift */ = {isa = PBXFileReference; lastKnownFileType = sourcecode.swift; path = ViewController.swift; sourceTree = "<group>"; };
		07964C6D236A726300C5A3AC /* Base */ = {isa = PBXFileReference; lastKnownFileType = file.storyboard; name = Base; path = Base.lproj/Main.storyboard; sourceTree = "<group>"; };
		07964C6F236A726600C5A3AC /* Assets.xcassets */ = {isa = PBXFileReference; lastKnownFileType = folder.assetcatalog; path = Assets.xcassets; sourceTree = "<group>"; };
		07964C72236A726600C5A3AC /* Base */ = {isa = PBXFileReference; lastKnownFileType = file.storyboard; name = Base; path = Base.lproj/LaunchScreen.storyboard; sourceTree = "<group>"; };
		07964C74236A726600C5A3AC /* Info.plist */ = {isa = PBXFileReference; lastKnownFileType = text.plist.xml; path = Info.plist; sourceTree = "<group>"; };
		07964C79236A726600C5A3AC /* whoot-appTests.xctest */ = {isa = PBXFileReference; explicitFileType = wrapper.cfbundle; includeInIndex = 0; path = "whoot-appTests.xctest"; sourceTree = BUILT_PRODUCTS_DIR; };
		07964C7D236A726600C5A3AC /* yikyak_cloneTests.swift */ = {isa = PBXFileReference; lastKnownFileType = sourcecode.swift; path = yikyak_cloneTests.swift; sourceTree = "<group>"; };
		07964C7F236A726600C5A3AC /* Info.plist */ = {isa = PBXFileReference; lastKnownFileType = text.plist.xml; path = Info.plist; sourceTree = "<group>"; };
		07964C84236A726600C5A3AC /* whoot-appUITests.xctest */ = {isa = PBXFileReference; explicitFileType = wrapper.cfbundle; includeInIndex = 0; path = "whoot-appUITests.xctest"; sourceTree = BUILT_PRODUCTS_DIR; };
		07964C88236A726600C5A3AC /* yikyak_cloneUITests.swift */ = {isa = PBXFileReference; lastKnownFileType = sourcecode.swift; path = yikyak_cloneUITests.swift; sourceTree = "<group>"; };
		07964C8A236A726600C5A3AC /* Info.plist */ = {isa = PBXFileReference; lastKnownFileType = text.plist.xml; path = Info.plist; sourceTree = "<group>"; };
		0D1E77986017F8F4BA18D375 /* Pods-yikyak-clone.release.xcconfig */ = {isa = PBXFileReference; includeInIndex = 1; lastKnownFileType = text.xcconfig; name = "Pods-yikyak-clone.release.xcconfig"; path = "Target Support Files/Pods-yikyak-clone/Pods-yikyak-clone.release.xcconfig"; sourceTree = "<group>"; };
		25CF8700BEF70BE7634DBD6D /* Pods-yikyak-cloneUITests.release.xcconfig */ = {isa = PBXFileReference; includeInIndex = 1; lastKnownFileType = text.xcconfig; name = "Pods-yikyak-cloneUITests.release.xcconfig"; path = "Target Support Files/Pods-yikyak-cloneUITests/Pods-yikyak-cloneUITests.release.xcconfig"; sourceTree = "<group>"; };
		2799A1E793C8E4AA56353D3E /* Pods_yikyak_cloneUITests.framework */ = {isa = PBXFileReference; explicitFileType = wrapper.framework; includeInIndex = 0; path = Pods_yikyak_cloneUITests.framework; sourceTree = BUILT_PRODUCTS_DIR; };
		43BEBBBDADB2FDF2A3FBE98C /* Pods_yikyak_clone.framework */ = {isa = PBXFileReference; explicitFileType = wrapper.framework; includeInIndex = 0; path = Pods_yikyak_clone.framework; sourceTree = BUILT_PRODUCTS_DIR; };
		7C96409BAD97F2FF87C0627D /* Pods-yikyak-cloneUITests.debug.xcconfig */ = {isa = PBXFileReference; includeInIndex = 1; lastKnownFileType = text.xcconfig; name = "Pods-yikyak-cloneUITests.debug.xcconfig"; path = "Target Support Files/Pods-yikyak-cloneUITests/Pods-yikyak-cloneUITests.debug.xcconfig"; sourceTree = "<group>"; };
		7FB34ACBA5E5E442CA6E509D /* Pods-yikyak-cloneTests.debug.xcconfig */ = {isa = PBXFileReference; includeInIndex = 1; lastKnownFileType = text.xcconfig; name = "Pods-yikyak-cloneTests.debug.xcconfig"; path = "Target Support Files/Pods-yikyak-cloneTests/Pods-yikyak-cloneTests.debug.xcconfig"; sourceTree = "<group>"; };
		8A4ACA9DC6BB16336C51A28F /* Pods-yikyak-clone.debug.xcconfig */ = {isa = PBXFileReference; includeInIndex = 1; lastKnownFileType = text.xcconfig; name = "Pods-yikyak-clone.debug.xcconfig"; path = "Target Support Files/Pods-yikyak-clone/Pods-yikyak-clone.debug.xcconfig"; sourceTree = "<group>"; };
		A2A8687E4E1B1BE7B07FA865 /* Pods_yikyak_cloneTests.framework */ = {isa = PBXFileReference; explicitFileType = wrapper.framework; includeInIndex = 0; path = Pods_yikyak_cloneTests.framework; sourceTree = BUILT_PRODUCTS_DIR; };
		A6E2986FAE6DB2C79B65C269 /* Pods-yikyak-cloneTests.release.xcconfig */ = {isa = PBXFileReference; includeInIndex = 1; lastKnownFileType = text.xcconfig; name = "Pods-yikyak-cloneTests.release.xcconfig"; path = "Target Support Files/Pods-yikyak-cloneTests/Pods-yikyak-cloneTests.release.xcconfig"; sourceTree = "<group>"; };
/* End PBXFileReference section */

/* Begin PBXFrameworksBuildPhase section */
		07964C60236A726300C5A3AC /* Frameworks */ = {
			isa = PBXFrameworksBuildPhase;
			buildActionMask = 2147483647;
			files = (
				68B11B6C4DF4EC180747B79D /* Pods_yikyak_clone.framework in Frameworks */,
			);
			runOnlyForDeploymentPostprocessing = 0;
		};
		07964C76236A726600C5A3AC /* Frameworks */ = {
			isa = PBXFrameworksBuildPhase;
			buildActionMask = 2147483647;
			files = (
				EC1D6346FCD7ABA29A7E8F40 /* Pods_yikyak_cloneTests.framework in Frameworks */,
			);
			runOnlyForDeploymentPostprocessing = 0;
		};
		07964C81236A726600C5A3AC /* Frameworks */ = {
			isa = PBXFrameworksBuildPhase;
			buildActionMask = 2147483647;
			files = (
				2BF2B0BA4CDF3F233A2DE473 /* Pods_yikyak_cloneUITests.framework in Frameworks */,
			);
			runOnlyForDeploymentPostprocessing = 0;
		};
/* End PBXFrameworksBuildPhase section */

/* Begin PBXGroup section */
		07964C5A236A726300C5A3AC = {
			isa = PBXGroup;
			children = (
				07964C65236A726300C5A3AC /* whoot */,
				07964C7C236A726600C5A3AC /* whootTests */,
				07964C87236A726600C5A3AC /* whootUITests */,
				07964C64236A726300C5A3AC /* Products */,
				07E44EE63763F5025233C155 /* Pods */,
				13AAD0AE6DAC6EA4EB4BA89A /* Frameworks */,
			);
			sourceTree = "<group>";
		};
		07964C64236A726300C5A3AC /* Products */ = {
			isa = PBXGroup;
			children = (
				07964C63236A726300C5A3AC /* Whoot.app */,
				07964C79236A726600C5A3AC /* whoot-appTests.xctest */,
				07964C84236A726600C5A3AC /* whoot-appUITests.xctest */,
			);
			name = Products;
			sourceTree = "<group>";
		};
		07964C65236A726300C5A3AC /* whoot */ = {
			isa = PBXGroup;
			children = (
				07964C66236A726300C5A3AC /* AppDelegate.swift */,
				07964C68236A726300C5A3AC /* SceneDelegate.swift */,
				07964C6A236A726300C5A3AC /* ViewController.swift */,
				07964C6C236A726300C5A3AC /* Main.storyboard */,
				07964C6F236A726600C5A3AC /* Assets.xcassets */,
				07964C71236A726600C5A3AC /* LaunchScreen.storyboard */,
				07964C74236A726600C5A3AC /* Info.plist */,
			);
			path = whoot;
			sourceTree = "<group>";
		};
		07964C7C236A726600C5A3AC /* whootTests */ = {
			isa = PBXGroup;
			children = (
				07964C7D236A726600C5A3AC /* yikyak_cloneTests.swift */,
				07964C7F236A726600C5A3AC /* Info.plist */,
			);
			path = whootTests;
			sourceTree = "<group>";
		};
		07964C87236A726600C5A3AC /* whootUITests */ = {
			isa = PBXGroup;
			children = (
				07964C88236A726600C5A3AC /* yikyak_cloneUITests.swift */,
				07964C8A236A726600C5A3AC /* Info.plist */,
			);
			path = whootUITests;
			sourceTree = "<group>";
		};
		07E44EE63763F5025233C155 /* Pods */ = {
			isa = PBXGroup;
			children = (
				8A4ACA9DC6BB16336C51A28F /* Pods-yikyak-clone.debug.xcconfig */,
				0D1E77986017F8F4BA18D375 /* Pods-yikyak-clone.release.xcconfig */,
				7FB34ACBA5E5E442CA6E509D /* Pods-yikyak-cloneTests.debug.xcconfig */,
				A6E2986FAE6DB2C79B65C269 /* Pods-yikyak-cloneTests.release.xcconfig */,
				7C96409BAD97F2FF87C0627D /* Pods-yikyak-cloneUITests.debug.xcconfig */,
				25CF8700BEF70BE7634DBD6D /* Pods-yikyak-cloneUITests.release.xcconfig */,
			);
			path = Pods;
			sourceTree = "<group>";
		};
		13AAD0AE6DAC6EA4EB4BA89A /* Frameworks */ = {
			isa = PBXGroup;
			children = (
				43BEBBBDADB2FDF2A3FBE98C /* Pods_yikyak_clone.framework */,
				A2A8687E4E1B1BE7B07FA865 /* Pods_yikyak_cloneTests.framework */,
				2799A1E793C8E4AA56353D3E /* Pods_yikyak_cloneUITests.framework */,
			);
			name = Frameworks;
			sourceTree = "<group>";
		};
/* End PBXGroup section */

/* Begin PBXNativeTarget section */
		07964C62236A726300C5A3AC /* whoot-app */ = {
			isa = PBXNativeTarget;
			buildConfigurationList = 07964C8D236A726600C5A3AC /* Build configuration list for PBXNativeTarget "whoot-app" */;
			buildPhases = (
				576643181D4007CC06845B15 /* [CP] Check Pods Manifest.lock */,
				07964C5F236A726300C5A3AC /* Sources */,
				07964C60236A726300C5A3AC /* Frameworks */,
				07964C61236A726300C5A3AC /* Resources */,
				A5EE53E7E34497C2531D38E1 /* [CP] Embed Pods Frameworks */,
			);
			buildRules = (
			);
			dependencies = (
			);
			name = "whoot-app";
			productName = "yikyak-clone";
			productReference = 07964C63236A726300C5A3AC /* Whoot.app */;
			productType = "com.apple.product-type.application";
		};
		07964C78236A726600C5A3AC /* whoot-appTests */ = {
			isa = PBXNativeTarget;
			buildConfigurationList = 07964C90236A726600C5A3AC /* Build configuration list for PBXNativeTarget "whoot-appTests" */;
			buildPhases = (
				2F5E6274908B4AD4DA7F8C77 /* [CP] Check Pods Manifest.lock */,
				07964C75236A726600C5A3AC /* Sources */,
				07964C76236A726600C5A3AC /* Frameworks */,
				07964C77236A726600C5A3AC /* Resources */,
			);
			buildRules = (
			);
			dependencies = (
				07964C7B236A726600C5A3AC /* PBXTargetDependency */,
			);
			name = "whoot-appTests";
			productName = "yikyak-cloneTests";
			productReference = 07964C79236A726600C5A3AC /* whoot-appTests.xctest */;
			productType = "com.apple.product-type.bundle.unit-test";
		};
		07964C83236A726600C5A3AC /* whoot-appUITests */ = {
			isa = PBXNativeTarget;
			buildConfigurationList = 07964C93236A726600C5A3AC /* Build configuration list for PBXNativeTarget "whoot-appUITests" */;
			buildPhases = (
				028260805D460578DD60C075 /* [CP] Check Pods Manifest.lock */,
				07964C80236A726600C5A3AC /* Sources */,
				07964C81236A726600C5A3AC /* Frameworks */,
				07964C82236A726600C5A3AC /* Resources */,
			);
			buildRules = (
			);
			dependencies = (
				07964C86236A726600C5A3AC /* PBXTargetDependency */,
			);
			name = "whoot-appUITests";
			productName = "yikyak-cloneUITests";
			productReference = 07964C84236A726600C5A3AC /* whoot-appUITests.xctest */;
			productType = "com.apple.product-type.bundle.ui-testing";
		};
/* End PBXNativeTarget section */

/* Begin PBXProject section */
		07964C5B236A726300C5A3AC /* Project object */ = {
			isa = PBXProject;
			attributes = {
				LastSwiftUpdateCheck = 1110;
				LastUpgradeCheck = 1110;
				ORGANIZATIONNAME = "Carlos Estrada";
				TargetAttributes = {
					07964C62236A726300C5A3AC = {
						CreatedOnToolsVersion = 11.1;
					};
					07964C78236A726600C5A3AC = {
						CreatedOnToolsVersion = 11.1;
						TestTargetID = 07964C62236A726300C5A3AC;
					};
					07964C83236A726600C5A3AC = {
						CreatedOnToolsVersion = 11.1;
						TestTargetID = 07964C62236A726300C5A3AC;
					};
				};
			};
			buildConfigurationList = 07964C5E236A726300C5A3AC /* Build configuration list for PBXProject "whoot-app" */;
			compatibilityVersion = "Xcode 9.3";
			developmentRegion = en;
			hasScannedForEncodings = 0;
			knownRegions = (
				en,
				Base,
			);
			mainGroup = 07964C5A236A726300C5A3AC;
			productRefGroup = 07964C64236A726300C5A3AC /* Products */;
			projectDirPath = "";
			projectRoot = "";
			targets = (
				07964C62236A726300C5A3AC /* whoot-app */,
				07964C78236A726600C5A3AC /* whoot-appTests */,
				07964C83236A726600C5A3AC /* whoot-appUITests */,
			);
		};
/* End PBXProject section */

/* Begin PBXResourcesBuildPhase section */
		07964C61236A726300C5A3AC /* Resources */ = {
			isa = PBXResourcesBuildPhase;
			buildActionMask = 2147483647;
			files = (
				07964C73236A726600C5A3AC /* LaunchScreen.storyboard in Resources */,
				07964C70236A726600C5A3AC /* Assets.xcassets in Resources */,
				07964C6E236A726300C5A3AC /* Main.storyboard in Resources */,
			);
			runOnlyForDeploymentPostprocessing = 0;
		};
		07964C77236A726600C5A3AC /* Resources */ = {
			isa = PBXResourcesBuildPhase;
			buildActionMask = 2147483647;
			files = (
			);
			runOnlyForDeploymentPostprocessing = 0;
		};
		07964C82236A726600C5A3AC /* Resources */ = {
			isa = PBXResourcesBuildPhase;
			buildActionMask = 2147483647;
			files = (
			);
			runOnlyForDeploymentPostprocessing = 0;
		};
/* End PBXResourcesBuildPhase section */

/* Begin PBXShellScriptBuildPhase section */
		028260805D460578DD60C075 /* [CP] Check Pods Manifest.lock */ = {
			isa = PBXShellScriptBuildPhase;
			buildActionMask = 2147483647;
			files = (
			);
			inputFileListPaths = (
			);
			inputPaths = (
				"${PODS_PODFILE_DIR_PATH}/Podfile.lock",
				"${PODS_ROOT}/Manifest.lock",
			);
			name = "[CP] Check Pods Manifest.lock";
			outputFileListPaths = (
			);
			outputPaths = (
				"$(DERIVED_FILE_DIR)/Pods-yikyak-cloneUITests-checkManifestLockResult.txt",
			);
			runOnlyForDeploymentPostprocessing = 0;
			shellPath = /bin/sh;
			shellScript = "diff \"${PODS_PODFILE_DIR_PATH}/Podfile.lock\" \"${PODS_ROOT}/Manifest.lock\" > /dev/null\nif [ $? != 0 ] ; then\n    # print error to STDERR\n    echo \"error: The sandbox is not in sync with the Podfile.lock. Run 'pod install' or update your CocoaPods installation.\" >&2\n    exit 1\nfi\n# This output is used by Xcode 'outputs' to avoid re-running this script phase.\necho \"SUCCESS\" > \"${SCRIPT_OUTPUT_FILE_0}\"\n";
			showEnvVarsInLog = 0;
		};
		2F5E6274908B4AD4DA7F8C77 /* [CP] Check Pods Manifest.lock */ = {
			isa = PBXShellScriptBuildPhase;
			buildActionMask = 2147483647;
			files = (
			);
			inputFileListPaths = (
			);
			inputPaths = (
				"${PODS_PODFILE_DIR_PATH}/Podfile.lock",
				"${PODS_ROOT}/Manifest.lock",
			);
			name = "[CP] Check Pods Manifest.lock";
			outputFileListPaths = (
			);
			outputPaths = (
				"$(DERIVED_FILE_DIR)/Pods-yikyak-cloneTests-checkManifestLockResult.txt",
			);
			runOnlyForDeploymentPostprocessing = 0;
			shellPath = /bin/sh;
			shellScript = "diff \"${PODS_PODFILE_DIR_PATH}/Podfile.lock\" \"${PODS_ROOT}/Manifest.lock\" > /dev/null\nif [ $? != 0 ] ; then\n    # print error to STDERR\n    echo \"error: The sandbox is not in sync with the Podfile.lock. Run 'pod install' or update your CocoaPods installation.\" >&2\n    exit 1\nfi\n# This output is used by Xcode 'outputs' to avoid re-running this script phase.\necho \"SUCCESS\" > \"${SCRIPT_OUTPUT_FILE_0}\"\n";
			showEnvVarsInLog = 0;
		};
		576643181D4007CC06845B15 /* [CP] Check Pods Manifest.lock */ = {
			isa = PBXShellScriptBuildPhase;
			buildActionMask = 2147483647;
			files = (
			);
			inputFileListPaths = (
			);
			inputPaths = (
				"${PODS_PODFILE_DIR_PATH}/Podfile.lock",
				"${PODS_ROOT}/Manifest.lock",
			);
			name = "[CP] Check Pods Manifest.lock";
			outputFileListPaths = (
			);
			outputPaths = (
				"$(DERIVED_FILE_DIR)/Pods-yikyak-clone-checkManifestLockResult.txt",
			);
			runOnlyForDeploymentPostprocessing = 0;
			shellPath = /bin/sh;
			shellScript = "diff \"${PODS_PODFILE_DIR_PATH}/Podfile.lock\" \"${PODS_ROOT}/Manifest.lock\" > /dev/null\nif [ $? != 0 ] ; then\n    # print error to STDERR\n    echo \"error: The sandbox is not in sync with the Podfile.lock. Run 'pod install' or update your CocoaPods installation.\" >&2\n    exit 1\nfi\n# This output is used by Xcode 'outputs' to avoid re-running this script phase.\necho \"SUCCESS\" > \"${SCRIPT_OUTPUT_FILE_0}\"\n";
			showEnvVarsInLog = 0;
		};
		A5EE53E7E34497C2531D38E1 /* [CP] Embed Pods Frameworks */ = {
			isa = PBXShellScriptBuildPhase;
			buildActionMask = 2147483647;
			files = (
			);
			inputFileListPaths = (
				"${PODS_ROOT}/Target Support Files/Pods-yikyak-clone/Pods-yikyak-clone-frameworks-${CONFIGURATION}-input-files.xcfilelist",
			);
			name = "[CP] Embed Pods Frameworks";
			outputFileListPaths = (
				"${PODS_ROOT}/Target Support Files/Pods-yikyak-clone/Pods-yikyak-clone-frameworks-${CONFIGURATION}-output-files.xcfilelist",
			);
			runOnlyForDeploymentPostprocessing = 0;
			shellPath = /bin/sh;
			shellScript = "\"${PODS_ROOT}/Target Support Files/Pods-yikyak-clone/Pods-yikyak-clone-frameworks.sh\"\n";
			showEnvVarsInLog = 0;
		};
/* End PBXShellScriptBuildPhase section */

/* Begin PBXSourcesBuildPhase section */
		07964C5F236A726300C5A3AC /* Sources */ = {
			isa = PBXSourcesBuildPhase;
			buildActionMask = 2147483647;
			files = (
				07964C6B236A726300C5A3AC /* ViewController.swift in Sources */,
				07964C67236A726300C5A3AC /* AppDelegate.swift in Sources */,
				07964C69236A726300C5A3AC /* SceneDelegate.swift in Sources */,
			);
			runOnlyForDeploymentPostprocessing = 0;
		};
		07964C75236A726600C5A3AC /* Sources */ = {
			isa = PBXSourcesBuildPhase;
			buildActionMask = 2147483647;
			files = (
				07964C7E236A726600C5A3AC /* yikyak_cloneTests.swift in Sources */,
			);
			runOnlyForDeploymentPostprocessing = 0;
		};
		07964C80236A726600C5A3AC /* Sources */ = {
			isa = PBXSourcesBuildPhase;
			buildActionMask = 2147483647;
			files = (
				07964C89236A726600C5A3AC /* yikyak_cloneUITests.swift in Sources */,
			);
			runOnlyForDeploymentPostprocessing = 0;
		};
/* End PBXSourcesBuildPhase section */

/* Begin PBXTargetDependency section */
		07964C7B236A726600C5A3AC /* PBXTargetDependency */ = {
			isa = PBXTargetDependency;
			target = 07964C62236A726300C5A3AC /* whoot-app */;
			targetProxy = 07964C7A236A726600C5A3AC /* PBXContainerItemProxy */;
		};
		07964C86236A726600C5A3AC /* PBXTargetDependency */ = {
			isa = PBXTargetDependency;
			target = 07964C62236A726300C5A3AC /* whoot-app */;
			targetProxy = 07964C85236A726600C5A3AC /* PBXContainerItemProxy */;
		};
/* End PBXTargetDependency section */

/* Begin PBXVariantGroup section */
		07964C6C236A726300C5A3AC /* Main.storyboard */ = {
			isa = PBXVariantGroup;
			children = (
				07964C6D236A726300C5A3AC /* Base */,
			);
			name = Main.storyboard;
			sourceTree = "<group>";
		};
		07964C71236A726600C5A3AC /* LaunchScreen.storyboard */ = {
			isa = PBXVariantGroup;
			children = (
				07964C72236A726600C5A3AC /* Base */,
			);
			name = LaunchScreen.storyboard;
			sourceTree = "<group>";
		};
/* End PBXVariantGroup section */

/* Begin XCBuildConfiguration section */
		07964C8B236A726600C5A3AC /* Debug */ = {
			isa = XCBuildConfiguration;
			buildSettings = {
				ALWAYS_SEARCH_USER_PATHS = NO;
				CLANG_ANALYZER_NONNULL = YES;
				CLANG_ANALYZER_NUMBER_OBJECT_CONVERSION = YES_AGGRESSIVE;
				CLANG_CXX_LANGUAGE_STANDARD = "gnu++14";
				CLANG_CXX_LIBRARY = "libc++";
				CLANG_ENABLE_MODULES = YES;
				CLANG_ENABLE_OBJC_ARC = YES;
				CLANG_ENABLE_OBJC_WEAK = YES;
				CLANG_WARN_BLOCK_CAPTURE_AUTORELEASING = YES;
				CLANG_WARN_BOOL_CONVERSION = YES;
				CLANG_WARN_COMMA = YES;
				CLANG_WARN_CONSTANT_CONVERSION = YES;
				CLANG_WARN_DEPRECATED_OBJC_IMPLEMENTATIONS = YES;
				CLANG_WARN_DIRECT_OBJC_ISA_USAGE = YES_ERROR;
				CLANG_WARN_DOCUMENTATION_COMMENTS = YES;
				CLANG_WARN_EMPTY_BODY = YES;
				CLANG_WARN_ENUM_CONVERSION = YES;
				CLANG_WARN_INFINITE_RECURSION = YES;
				CLANG_WARN_INT_CONVERSION = YES;
				CLANG_WARN_NON_LITERAL_NULL_CONVERSION = YES;
				CLANG_WARN_OBJC_IMPLICIT_RETAIN_SELF = YES;
				CLANG_WARN_OBJC_LITERAL_CONVERSION = YES;
				CLANG_WARN_OBJC_ROOT_CLASS = YES_ERROR;
				CLANG_WARN_RANGE_LOOP_ANALYSIS = YES;
				CLANG_WARN_STRICT_PROTOTYPES = YES;
				CLANG_WARN_SUSPICIOUS_MOVE = YES;
				CLANG_WARN_UNGUARDED_AVAILABILITY = YES_AGGRESSIVE;
				CLANG_WARN_UNREACHABLE_CODE = YES;
				CLANG_WARN__DUPLICATE_METHOD_MATCH = YES;
				COPY_PHASE_STRIP = NO;
				DEBUG_INFORMATION_FORMAT = dwarf;
				ENABLE_STRICT_OBJC_MSGSEND = YES;
				ENABLE_TESTABILITY = YES;
				GCC_C_LANGUAGE_STANDARD = gnu11;
				GCC_DYNAMIC_NO_PIC = NO;
				GCC_NO_COMMON_BLOCKS = YES;
				GCC_OPTIMIZATION_LEVEL = 0;
				GCC_PREPROCESSOR_DEFINITIONS = (
					"DEBUG=1",
					"$(inherited)",
				);
				GCC_WARN_64_TO_32_BIT_CONVERSION = YES;
				GCC_WARN_ABOUT_RETURN_TYPE = YES_ERROR;
				GCC_WARN_UNDECLARED_SELECTOR = YES;
				GCC_WARN_UNINITIALIZED_AUTOS = YES_AGGRESSIVE;
				GCC_WARN_UNUSED_FUNCTION = YES;
				GCC_WARN_UNUSED_VARIABLE = YES;
				IPHONEOS_DEPLOYMENT_TARGET = 13.1;
				MTL_ENABLE_DEBUG_INFO = INCLUDE_SOURCE;
				MTL_FAST_MATH = YES;
				ONLY_ACTIVE_ARCH = YES;
				SDKROOT = iphoneos;
				SWIFT_ACTIVE_COMPILATION_CONDITIONS = DEBUG;
				SWIFT_OPTIMIZATION_LEVEL = "-Onone";
			};
			name = Debug;
		};
		07964C8C236A726600C5A3AC /* Release */ = {
			isa = XCBuildConfiguration;
			buildSettings = {
				ALWAYS_SEARCH_USER_PATHS = NO;
				CLANG_ANALYZER_NONNULL = YES;
				CLANG_ANALYZER_NUMBER_OBJECT_CONVERSION = YES_AGGRESSIVE;
				CLANG_CXX_LANGUAGE_STANDARD = "gnu++14";
				CLANG_CXX_LIBRARY = "libc++";
				CLANG_ENABLE_MODULES = YES;
				CLANG_ENABLE_OBJC_ARC = YES;
				CLANG_ENABLE_OBJC_WEAK = YES;
				CLANG_WARN_BLOCK_CAPTURE_AUTORELEASING = YES;
				CLANG_WARN_BOOL_CONVERSION = YES;
				CLANG_WARN_COMMA = YES;
				CLANG_WARN_CONSTANT_CONVERSION = YES;
				CLANG_WARN_DEPRECATED_OBJC_IMPLEMENTATIONS = YES;
				CLANG_WARN_DIRECT_OBJC_ISA_USAGE = YES_ERROR;
				CLANG_WARN_DOCUMENTATION_COMMENTS = YES;
				CLANG_WARN_EMPTY_BODY = YES;
				CLANG_WARN_ENUM_CONVERSION = YES;
				CLANG_WARN_INFINITE_RECURSION = YES;
				CLANG_WARN_INT_CONVERSION = YES;
				CLANG_WARN_NON_LITERAL_NULL_CONVERSION = YES;
				CLANG_WARN_OBJC_IMPLICIT_RETAIN_SELF = YES;
				CLANG_WARN_OBJC_LITERAL_CONVERSION = YES;
				CLANG_WARN_OBJC_ROOT_CLASS = YES_ERROR;
				CLANG_WARN_RANGE_LOOP_ANALYSIS = YES;
				CLANG_WARN_STRICT_PROTOTYPES = YES;
				CLANG_WARN_SUSPICIOUS_MOVE = YES;
				CLANG_WARN_UNGUARDED_AVAILABILITY = YES_AGGRESSIVE;
				CLANG_WARN_UNREACHABLE_CODE = YES;
				CLANG_WARN__DUPLICATE_METHOD_MATCH = YES;
				COPY_PHASE_STRIP = NO;
				DEBUG_INFORMATION_FORMAT = "dwarf-with-dsym";
				ENABLE_NS_ASSERTIONS = NO;
				ENABLE_STRICT_OBJC_MSGSEND = YES;
				GCC_C_LANGUAGE_STANDARD = gnu11;
				GCC_NO_COMMON_BLOCKS = YES;
				GCC_WARN_64_TO_32_BIT_CONVERSION = YES;
				GCC_WARN_ABOUT_RETURN_TYPE = YES_ERROR;
				GCC_WARN_UNDECLARED_SELECTOR = YES;
				GCC_WARN_UNINITIALIZED_AUTOS = YES_AGGRESSIVE;
				GCC_WARN_UNUSED_FUNCTION = YES;
				GCC_WARN_UNUSED_VARIABLE = YES;
				IPHONEOS_DEPLOYMENT_TARGET = 13.1;
				MTL_ENABLE_DEBUG_INFO = NO;
				MTL_FAST_MATH = YES;
				SDKROOT = iphoneos;
				SWIFT_COMPILATION_MODE = wholemodule;
				SWIFT_OPTIMIZATION_LEVEL = "-O";
				VALIDATE_PRODUCT = YES;
			};
			name = Release;
		};
		07964C8E236A726600C5A3AC /* Debug */ = {
			isa = XCBuildConfiguration;
			baseConfigurationReference = 8A4ACA9DC6BB16336C51A28F /* Pods-yikyak-clone.debug.xcconfig */;
			buildSettings = {
				ASSETCATALOG_COMPILER_APPICON_NAME = AppIcon;
				CODE_SIGN_STYLE = Automatic;
				DEVELOPMENT_TEAM = 6X2XSAAA2H;
				INFOPLIST_FILE = "yikyak-clone/Info.plist";
				LD_RUNPATH_SEARCH_PATHS = (
					"$(inherited)",
					"@executable_path/Frameworks",
				);
				PRODUCT_BUNDLE_IDENTIFIER = com.caestrada.whoot;
				PRODUCT_NAME = Whoot;
				SWIFT_VERSION = 5.0;
				TARGETED_DEVICE_FAMILY = "1,2";
			};
			name = Debug;
		};
		07964C8F236A726600C5A3AC /* Release */ = {
			isa = XCBuildConfiguration;
			baseConfigurationReference = 0D1E77986017F8F4BA18D375 /* Pods-yikyak-clone.release.xcconfig */;
			buildSettings = {
				ASSETCATALOG_COMPILER_APPICON_NAME = AppIcon;
				CODE_SIGN_STYLE = Automatic;
				DEVELOPMENT_TEAM = 6X2XSAAA2H;
				INFOPLIST_FILE = "yikyak-clone/Info.plist";
				LD_RUNPATH_SEARCH_PATHS = (
					"$(inherited)",
					"@executable_path/Frameworks",
				);
				PRODUCT_BUNDLE_IDENTIFIER = com.caestrada.whoot;
				PRODUCT_NAME = Whoot;
				SWIFT_VERSION = 5.0;
				TARGETED_DEVICE_FAMILY = "1,2";
			};
			name = Release;
		};
		07964C91236A726600C5A3AC /* Debug */ = {
			isa = XCBuildConfiguration;
			baseConfigurationReference = 7FB34ACBA5E5E442CA6E509D /* Pods-yikyak-cloneTests.debug.xcconfig */;
			buildSettings = {
				ALWAYS_EMBED_SWIFT_STANDARD_LIBRARIES = YES;
				BUNDLE_LOADER = "$(TEST_HOST)";
				CODE_SIGN_STYLE = Automatic;
				DEVELOPMENT_TEAM = 6X2XSAAA2H;
				INFOPLIST_FILE = "yikyak-cloneTests/Info.plist";
				IPHONEOS_DEPLOYMENT_TARGET = 13.1;
				LD_RUNPATH_SEARCH_PATHS = (
					"$(inherited)",
					"@executable_path/Frameworks",
					"@loader_path/Frameworks",
				);
				PRODUCT_BUNDLE_IDENTIFIER = "com.caestrada.yikyak-cloneTests";
				PRODUCT_NAME = "$(TARGET_NAME)";
				SWIFT_VERSION = 5.0;
				TARGETED_DEVICE_FAMILY = "1,2";
				TEST_HOST = "$(BUILT_PRODUCTS_DIR)/whoot-app.app/whoot-app";
			};
			name = Debug;
		};
		07964C92236A726600C5A3AC /* Release */ = {
			isa = XCBuildConfiguration;
			baseConfigurationReference = A6E2986FAE6DB2C79B65C269 /* Pods-yikyak-cloneTests.release.xcconfig */;
			buildSettings = {
				ALWAYS_EMBED_SWIFT_STANDARD_LIBRARIES = YES;
				BUNDLE_LOADER = "$(TEST_HOST)";
				CODE_SIGN_STYLE = Automatic;
				DEVELOPMENT_TEAM = 6X2XSAAA2H;
				INFOPLIST_FILE = "yikyak-cloneTests/Info.plist";
				IPHONEOS_DEPLOYMENT_TARGET = 13.1;
				LD_RUNPATH_SEARCH_PATHS = (
					"$(inherited)",
					"@executable_path/Frameworks",
					"@loader_path/Frameworks",
				);
				PRODUCT_BUNDLE_IDENTIFIER = "com.caestrada.yikyak-cloneTests";
				PRODUCT_NAME = "$(TARGET_NAME)";
				SWIFT_VERSION = 5.0;
				TARGETED_DEVICE_FAMILY = "1,2";
				TEST_HOST = "$(BUILT_PRODUCTS_DIR)/whoot-app.app/whoot-app";
			};
			name = Release;
		};
		07964C94236A726600C5A3AC /* Debug */ = {
			isa = XCBuildConfiguration;
			baseConfigurationReference = 7C96409BAD97F2FF87C0627D /* Pods-yikyak-cloneUITests.debug.xcconfig */;
			buildSettings = {
				ALWAYS_EMBED_SWIFT_STANDARD_LIBRARIES = YES;
				CODE_SIGN_STYLE = Automatic;
				DEVELOPMENT_TEAM = 6X2XSAAA2H;
				INFOPLIST_FILE = "yikyak-cloneUITests/Info.plist";
				LD_RUNPATH_SEARCH_PATHS = (
					"$(inherited)",
					"@executable_path/Frameworks",
					"@loader_path/Frameworks",
				);
				PRODUCT_BUNDLE_IDENTIFIER = "com.caestrada.yikyak-cloneUITests";
				PRODUCT_NAME = "$(TARGET_NAME)";
				SWIFT_VERSION = 5.0;
				TARGETED_DEVICE_FAMILY = "1,2";
				TEST_TARGET_NAME = "yikyak-clone";
			};
			name = Debug;
		};
		07964C95236A726600C5A3AC /* Release */ = {
			isa = XCBuildConfiguration;
			baseConfigurationReference = 25CF8700BEF70BE7634DBD6D /* Pods-yikyak-cloneUITests.release.xcconfig */;
			buildSettings = {
				ALWAYS_EMBED_SWIFT_STANDARD_LIBRARIES = YES;
				CODE_SIGN_STYLE = Automatic;
				DEVELOPMENT_TEAM = 6X2XSAAA2H;
				INFOPLIST_FILE = "yikyak-cloneUITests/Info.plist";
				LD_RUNPATH_SEARCH_PATHS = (
					"$(inherited)",
					"@executable_path/Frameworks",
					"@loader_path/Frameworks",
				);
				PRODUCT_BUNDLE_IDENTIFIER = "com.caestrada.yikyak-cloneUITests";
				PRODUCT_NAME = "$(TARGET_NAME)";
				SWIFT_VERSION = 5.0;
				TARGETED_DEVICE_FAMILY = "1,2";
				TEST_TARGET_NAME = "yikyak-clone";
			};
			name = Release;
		};
/* End XCBuildConfiguration section */

/* Begin XCConfigurationList section */
		07964C5E236A726300C5A3AC /* Build configuration list for PBXProject "whoot-app" */ = {
			isa = XCConfigurationList;
			buildConfigurations = (
				07964C8B236A726600C5A3AC /* Debug */,
				07964C8C236A726600C5A3AC /* Release */,
			);
			defaultConfigurationIsVisible = 0;
			defaultConfigurationName = Release;
		};
		07964C8D236A726600C5A3AC /* Build configuration list for PBXNativeTarget "whoot-app" */ = {
			isa = XCConfigurationList;
			buildConfigurations = (
				07964C8E236A726600C5A3AC /* Debug */,
				07964C8F236A726600C5A3AC /* Release */,
			);
			defaultConfigurationIsVisible = 0;
			defaultConfigurationName = Release;
		};
		07964C90236A726600C5A3AC /* Build configuration list for PBXNativeTarget "whoot-appTests" */ = {
			isa = XCConfigurationList;
			buildConfigurations = (
				07964C91236A726600C5A3AC /* Debug */,
				07964C92236A726600C5A3AC /* Release */,
			);
			defaultConfigurationIsVisible = 0;
			defaultConfigurationName = Release;
		};
		07964C93236A726600C5A3AC /* Build configuration list for PBXNativeTarget "whoot-appUITests" */ = {
			isa = XCConfigurationList;
			buildConfigurations = (
				07964C94236A726600C5A3AC /* Debug */,
				07964C95236A726600C5A3AC /* Release */,
			);
			defaultConfigurationIsVisible = 0;
			defaultConfigurationName = Release;
		};
/* End XCConfigurationList section */
	};
	rootObject = 07964C5B236A726300C5A3AC /* Project object */;
}
